
Microsoft Visual Studio Solution File, Format Version 12.00
# Visual Studio 15
VisualStudioVersion = 15.0.26403.7
MinimumVisualStudioVersion = 10.0.40219.1
Project("{2150E333-8FDC-42A3-9474-1A3956D46DE8}") = "src", "src", "{18137A56-E26D-42E2-AA3E-A273210EE632}"
EndProject
Project("{2150E333-8FDC-42A3-9474-1A3956D46DE8}") = "test", "test", "{E415384E-D736-48D9-B851-D93478341E3A}"
EndProject
Project("{2150E333-8FDC-42A3-9474-1A3956D46DE8}") = "Samples", "Samples", "{AA7C21B9-08F5-4287-A629-2EE31D4F249E}"
EndProject
Project("{9A19103F-16F7-4668-BE54-9A1E7A4F7556}") = "Yunpian", "src\Yunpian\Yunpian.csproj", "{0B1F6450-912A-4D50-AC88-3FE532A8F689}"
EndProject
Project("{9A19103F-16F7-4668-BE54-9A1E7A4F7556}") = "YunpianSDKSamples", "Samples\YunpianSDKSamples\YunpianSDKSamples.csproj", "{4CC3C2A0-40CD-4273-9357-9C282EACD4AE}"
EndProject
Project("{9A19103F-16F7-4668-BE54-9A1E7A4F7556}") = "YunpianSDKTest", "test\YunpianSDKTest\YunpianSDKTest.csproj", "{A7429AAD-F5AC-4256-BD79-C4DAE0D18036}"
EndProject
Global
	GlobalSection(SolutionConfigurationPlatforms) = preSolution
		Debug|Any CPU = Debug|Any CPU
		Release|Any CPU = Release|Any CPU
	EndGlobalSection
	GlobalSection(ProjectConfigurationPlatforms) = postSolution
		{0B1F6450-912A-4D50-AC88-3FE532A8F689}.Debug|Any CPU.ActiveCfg = Debug|Any CPU
		{0B1F6450-912A-4D50-AC88-3FE532A8F689}.Debug|Any CPU.Build.0 = Debug|Any CPU
		{0B1F6450-912A-4D50-AC88-3FE532A8F689}.Release|Any CPU.ActiveCfg = Release|Any CPU
		{0B1F6450-912A-4D50-AC88-3FE532A8F689}.Release|Any CPU.Build.0 = Release|Any CPU
		{4CC3C2A0-40CD-4273-9357-9C282EACD4AE}.Debug|Any CPU.ActiveCfg = Debug|Any CPU
		{4CC3C2A0-40CD-4273-9357-9C282EACD4AE}.Debug|Any CPU.Build.0 = Debug|Any CPU
		{4CC3C2A0-40CD-4273-9357-9C282EACD4AE}.Release|Any CPU.ActiveCfg = Release|Any CPU
		{4CC3C2A0-40CD-4273-9357-9C282EACD4AE}.Release|Any CPU.Build.0 = Release|Any CPU
		{A7429AAD-F5AC-4256-BD79-C4DAE0D18036}.Debug|Any CPU.ActiveCfg = Debug|Any CPU
		{A7429AAD-F5AC-4256-BD79-C4DAE0D18036}.Debug|Any CPU.Build.0 = Debug|Any CPU
		{A7429AAD-F5AC-4256-BD79-C4DAE0D18036}.Release|Any CPU.ActiveCfg = Release|Any CPU
		{A7429AAD-F5AC-4256-BD79-C4DAE0D18036}.Release|Any CPU.Build.0 = Release|Any CPU
	EndGlobalSection
	GlobalSection(SolutionProperties) = preSolution
		HideSolutionNode = FALSE
	EndGlobalSection
	GlobalSection(NestedProjects) = preSolution
		{0B1F6450-912A-4D50-AC88-3FE532A8F689} = {18137A56-E26D-42E2-AA3E-A273210EE632}
		{4CC3C2A0-40CD-4273-9357-9C282EACD4AE} = {AA7C21B9-08F5-4287-A629-2EE31D4F249E}
		{A7429AAD-F5AC-4256-BD79-C4DAE0D18036} = {E415384E-D736-48D9-B851-D93478341E3A}
	EndGlobalSection
EndGlobal
